
Microsoft Visual Studio Solution File, Format Version 10.00
# Visual Studio 2008
Project("{8BC9CEB8-8B4A-11D0-8D11-00A0C91BC942}") = "NppAStyle", "NppAStyle\NppAStyle.vcproj", "{6AFA08A2-02DC-40AC-B153-28D3E66243D2}"
	ProjectSection(ProjectDependencies) = postProject
		{3D0E5F57-72FE-4915-A6A7-F36F74844D38} = {3D0E5F57-72FE-4915-A6A7-F36F74844D38}
	EndProjectSection
EndProject
Project("{8BC9CEB8-8B4A-11D0-8D11-00A0C91BC942}") = "AStyleLib", "AStyleLib\AStyleLib.vcproj", "{3D0E5F57-72FE-4915-A6A7-F36F74844D38}"
EndProject
Global
	GlobalSection(SolutionConfigurationPlatforms) = preSolution
		AnsiRelease|Win32 = AnsiRelease|Win32
		UnicodeRelease|Win32 = UnicodeRelease|Win32
	EndGlobalSection
	GlobalSection(ProjectConfigurationPlatforms) = postSolution
		{6AFA08A2-02DC-40AC-B153-28D3E66243D2}.AnsiRelease|Win32.ActiveCfg = AnsiRelease|Win32
		{6AFA08A2-02DC-40AC-B153-28D3E66243D2}.AnsiRelease|Win32.Build.0 = AnsiRelease|Win32
		{6AFA08A2-02DC-40AC-B153-28D3E66243D2}.UnicodeRelease|Win32.ActiveCfg = UnicodeRelease|Win32
		{6AFA08A2-02DC-40AC-B153-28D3E66243D2}.UnicodeRelease|Win32.Build.0 = UnicodeRelease|Win32
		{6AFA08A2-02DC-40AC-B153-28D3E66243D2}.UnicodeRelease|x64.ActiveCfg = UnicodeRelease|x64
		{6AFA08A2-02DC-40AC-B153-28D3E66243D2}.UnicodeRelease|x64.Build.0 = UnicodeRelease|x64
		{3D0E5F57-72FE-4915-A6A7-F36F74844D38}.AnsiRelease|Win32.ActiveCfg = Release|Win32
		{3D0E5F57-72FE-4915-A6A7-F36F74844D38}.AnsiRelease|Win32.Build.0 = Release|Win32
		{3D0E5F57-72FE-4915-A6A7-F36F74844D38}.UnicodeRelease|Win32.ActiveCfg = Release|Win32
		{3D0E5F57-72FE-4915-A6A7-F36F74844D38}.UnicodeRelease|Win32.Build.0 = Release|Win32
		{3D0E5F57-72FE-4915-A6A7-F36F74844D38}.UnicodeRelease|x64.ActiveCfg = Release|x64
		{3D0E5F57-72FE-4915-A6A7-F36F74844D38}.UnicodeRelease|x64.Build.0 = Release|x64
	EndGlobalSection
	GlobalSection(SolutionProperties) = preSolution
		HideSolutionNode = FALSE
	EndGlobalSection
EndGlobal
